<?xml version="1.0" encoding="UTF-8"?>
<CONFIG>
  <ProjectOptions>
    <Version Value="9"/>
    <PathDelim Value="\"/>
    <General>
      <SessionStorage Value="InProjectDir"/>
      <MainUnit Value="0"/>
      <Title Value="Firebird_Management_Studio"/>
      <ResourceType Value="res"/>
      <UseXPManifest Value="True"/>
      <Icon Value="0"/>
    </General>
    <i18n>
      <EnableI18N Value="True"/>
      <OutDir Value="Lang"/>
    </i18n>
    <VersionInfo>
      <UseVersionInfo Value="True"/>
      <BuildNr Value="1"/>
      <Language Value="040C"/>
      <Attributes pvaDebug="True"/>
      <StringTable ProductName="Firebird Management Studio" ProductVersion=""/>
    </VersionInfo>
    <MacroValues Count="1">
      <Macro1 Name="LCLWidgetType" Value="win32"/>
    </MacroValues>
    <BuildModes Count="1">
      <Item1 Name="Default" Default="True"/>
      <SharedMatrixOptions Count="1">
        <Item1 ID="303540750125" Modes="Default" Type="IDEMacro" MacroName="LCLWidgetType" Value="win32"/>
      </SharedMatrixOptions>
    </BuildModes>
    <PublishOptions>
      <Version Value="2"/>
    </PublishOptions>
    <RunParams>
      <local>
        <FormatVersion Value="1"/>
      </local>
    </RunParams>
    <RequiredPackages Count="4">
      <Item1>
        <PackageName Value="LCL"/>
      </Item1>
      <Item2>
        <PackageName Value="LazRichEdit"/>
      </Item2>
      <Item3>
        <PackageName Value="ibexpress"/>
      </Item3>
      <Item4>
        <PackageName Value="lnetvisual"/>
      </Item4>
    </RequiredPackages>
    <Units Count="45">
      <Unit0>
        <Filename Value="Firebird_Management_Studio.lpr"/>
        <IsPartOfProject Value="True"/>
      </Unit0>
      <Unit1>
        <Filename Value="frmuSplash.pas"/>
        <IsPartOfProject Value="True"/>
        <ComponentName Value="frmSplash"/>
        <HasResources Value="True"/>
        <ResourceBaseClass Value="Form"/>
        <UnitName Value="frmuSplash"/>
      </Unit1>
      <Unit2>
        <Filename Value="dmuMain.pas"/>
        <IsPartOfProject Value="True"/>
        <ComponentName Value="dmMain"/>
        <HasResources Value="True"/>
        <ResourceBaseClass Value="DataModule"/>
        <UnitName Value="dmuMain"/>
      </Unit2>
      <Unit3>
        <Filename Value="frmuAbout.pas"/>
        <IsPartOfProject Value="True"/>
        <ComponentName Value="frmAbout"/>
        <HasResources Value="True"/>
        <ResourceBaseClass Value="Form"/>
        <UnitName Value="frmuAbout"/>
      </Unit3>
      <Unit4>
        <Filename Value="frmuAddTool.pas"/>
        <IsPartOfProject Value="True"/>
        <ComponentName Value="frmAddTools"/>
        <HasResources Value="True"/>
        <ResourceBaseClass Value="Form"/>
        <UnitName Value="frmuAddTool"/>
      </Unit4>
      <Unit5>
        <Filename Value="frmuBackupAliasProperties.pas"/>
        <IsPartOfProject Value="True"/>
        <ComponentName Value="frmBackupAliasProperties"/>
        <HasResources Value="True"/>
        <ResourceBaseClass Value="Form"/>
        <UnitName Value="frmuBackupAliasProperties"/>
      </Unit5>
      <Unit6>
        <Filename Value="frmuCommDiag.pas"/>
        <IsPartOfProject Value="True"/>
        <ComponentName Value="frmCommDiag"/>
        <HasResources Value="True"/>
        <ResourceBaseClass Value="Form"/>
        <UnitName Value="frmuCommDiag"/>
      </Unit6>
      <Unit7>
        <Filename Value="frmuDBBackup.pas"/>
        <IsPartOfProject Value="True"/>
        <ComponentName Value="frmDBBackup"/>
        <HasResources Value="True"/>
        <ResourceBaseClass Value="Form"/>
        <UnitName Value="frmuDBBackup"/>
      </Unit7>
      <Unit8>
        <Filename Value="frmuDBConnect.pas"/>
        <IsPartOfProject Value="True"/>
        <ComponentName Value="frmDBConnect"/>
        <HasResources Value="True"/>
        <ResourceBaseClass Value="Form"/>
        <UnitName Value="frmuDBConnect"/>
      </Unit8>
      <Unit9>
        <Filename Value="frmuDBConnections.pas"/>
        <IsPartOfProject Value="True"/>
        <ComponentName Value="frmDBConnections"/>
        <HasResources Value="True"/>
        <ResourceBaseClass Value="Form"/>
        <UnitName Value="frmuDBConnections"/>
      </Unit9>
      <Unit10>
        <Filename Value="frmuDBCreate.pas"/>
        <IsPartOfProject Value="True"/>
        <ComponentName Value="frmDBCreate"/>
        <HasResources Value="True"/>
        <ResourceBaseClass Value="Form"/>
        <UnitName Value="frmuDBCreate"/>
      </Unit10>
      <Unit11>
        <Filename Value="frmuDBProperties.pas"/>
        <IsPartOfProject Value="True"/>
        <ComponentName Value="frmDBProperties"/>
        <HasResources Value="True"/>
        <ResourceBaseClass Value="Form"/>
        <UnitName Value="frmuDBProperties"/>
      </Unit11>
      <Unit12>
        <Filename Value="frmuDBRegister.pas"/>
        <IsPartOfProject Value="True"/>
        <ComponentName Value="frmDBRegister"/>
        <HasResources Value="True"/>
        <ResourceBaseClass Value="Form"/>
        <UnitName Value="frmuDBRegister"/>
      </Unit12>
      <Unit13>
        <Filename Value="frmuDBRestore.pas"/>
        <IsPartOfProject Value="True"/>
        <ComponentName Value="frmDBRestore"/>
        <HasResources Value="True"/>
        <ResourceBaseClass Value="Form"/>
        <UnitName Value="frmuDBRestore"/>
      </Unit13>
      <Unit14>
        <Filename Value="frmuDBShutdown.pas"/>
        <IsPartOfProject Value="True"/>
        <ComponentName Value="frmDBShutdown"/>
        <HasResources Value="True"/>
        <ResourceBaseClass Value="Form"/>
        <UnitName Value="frmuDBShutdown"/>
      </Unit14>
      <Unit15>
        <Filename Value="frmuDBStatistics.pas"/>
        <IsPartOfProject Value="True"/>
        <ComponentName Value="frmDBStatistics"/>
        <HasResources Value="True"/>
        <ResourceBaseClass Value="Form"/>
        <UnitName Value="frmuDBStatistics"/>
      </Unit15>
      <Unit16>
        <Filename Value="frmuDBTransactions.pas"/>
        <IsPartOfProject Value="True"/>
        <ComponentName Value="frmDBTransactions"/>
        <HasResources Value="True"/>
        <ResourceBaseClass Value="Form"/>
        <UnitName Value="frmuDBTransactions"/>
      </Unit16>
      <Unit17>
        <Filename Value="frmuDBValidation.pas"/>
        <IsPartOfProject Value="True"/>
        <ComponentName Value="frmDBValidation"/>
        <HasResources Value="True"/>
        <ResourceBaseClass Value="Form"/>
        <UnitName Value="frmuDBValidation"/>
      </Unit17>
      <Unit18>
        <Filename Value="frmuDBValidationReport.pas"/>
        <IsPartOfProject Value="True"/>
        <ComponentName Value="frmDBValidationReport"/>
        <HasResources Value="True"/>
        <ResourceBaseClass Value="Form"/>
        <UnitName Value="frmuDBValidationReport"/>
      </Unit18>
      <Unit19>
        <Filename Value="frmuDescription.pas"/>
        <IsPartOfProject Value="True"/>
        <ComponentName Value="frmDescription"/>
        <HasResources Value="True"/>
        <ResourceBaseClass Value="Form"/>
        <UnitName Value="frmuDescription"/>
      </Unit19>
      <Unit20>
        <Filename Value="frmuDisplayBlob.pas"/>
        <IsPartOfProject Value="True"/>
        <ComponentName Value="frmDisplayBlob"/>
        <HasResources Value="True"/>
        <ResourceBaseClass Value="Form"/>
        <UnitName Value="frmuDisplayBlob"/>
      </Unit20>
      <Unit21>
        <Filename Value="frmuDispMemo.pas"/>
        <IsPartOfProject Value="True"/>
        <ComponentName Value="frmDispMemo"/>
        <HasResources Value="True"/>
        <ResourceBaseClass Value="Form"/>
        <UnitName Value="frmuDispMemo"/>
      </Unit21>
      <Unit22>
        <Filename Value="frmuDlgClass.pas"/>
        <IsPartOfProject Value="True"/>
        <ComponentName Value="Dialog"/>
        <HasResources Value="True"/>
        <ResourceBaseClass Value="Form"/>
        <UnitName Value="frmuDlgClass"/>
      </Unit22>
      <Unit23>
        <Filename Value="frmuMain.pas"/>
        <IsPartOfProject Value="True"/>
        <ComponentName Value="frmMain"/>
        <HasResources Value="True"/>
        <ResourceBaseClass Value="Form"/>
        <UnitName Value="frmuMain"/>
      </Unit23>
      <Unit24>
        <Filename Value="frmuMessage.pas"/>
        <IsPartOfProject Value="True"/>
        <ComponentName Value="frmMessage"/>
        <HasResources Value="True"/>
        <ResourceBaseClass Value="Form"/>
        <UnitName Value="frmuMessage"/>
      </Unit24>
      <Unit25>
        <Filename Value="frmuModifyServerAlias.pas"/>
        <IsPartOfProject Value="True"/>
        <ComponentName Value="frmModifyServerAlias"/>
        <HasResources Value="True"/>
        <ResourceBaseClass Value="Form"/>
        <UnitName Value="frmuModifyServerAlias"/>
      </Unit25>
      <Unit26>
        <Filename Value="frmuObjectWindow.pas"/>
        <IsPartOfProject Value="True"/>
        <ComponentName Value="frmObjectView"/>
        <HasResources Value="True"/>
        <ResourceBaseClass Value="Form"/>
        <UnitName Value="frmuObjectWindow"/>
      </Unit26>
      <Unit27>
        <Filename Value="frmuServerLogin.pas"/>
        <IsPartOfProject Value="True"/>
        <ComponentName Value="frmServerLogin"/>
        <HasResources Value="True"/>
        <ResourceBaseClass Value="Form"/>
        <UnitName Value="frmuServerLogin"/>
      </Unit27>
      <Unit28>
        <Filename Value="frmuServerProperties.pas"/>
        <IsPartOfProject Value="True"/>
        <ComponentName Value="frmServerProperties"/>
        <HasResources Value="True"/>
        <ResourceBaseClass Value="Form"/>
        <UnitName Value="frmuServerProperties"/>
      </Unit28>
      <Unit29>
        <Filename Value="frmuServerRegister.pas"/>
        <IsPartOfProject Value="True"/>
        <ComponentName Value="frmServerRegister"/>
        <HasResources Value="True"/>
        <ResourceBaseClass Value="Form"/>
        <UnitName Value="frmuServerRegister"/>
      </Unit29>
      <Unit30>
        <Filename Value="frmuSQLOptions.pas"/>
        <IsPartOfProject Value="True"/>
        <ComponentName Value="frmSQLOptions"/>
        <HasResources Value="True"/>
        <ResourceBaseClass Value="Form"/>
        <UnitName Value="frmuSQLOptions"/>
      </Unit30>
      <Unit31>
        <Filename Value="frmuTextViewer.pas"/>
        <IsPartOfProject Value="True"/>
        <ComponentName Value="frmTextViewer"/>
        <HasResources Value="True"/>
        <ResourceBaseClass Value="Form"/>
        <UnitName Value="frmuTextViewer"/>
      </Unit31>
      <Unit32>
        <Filename Value="frmuTools.pas"/>
        <IsPartOfProject Value="True"/>
        <ComponentName Value="frmTools"/>
        <HasResources Value="True"/>
        <ResourceBaseClass Value="Form"/>
        <UnitName Value="frmuTools"/>
      </Unit32>
      <Unit33>
        <Filename Value="frmuUser.pas"/>
        <IsPartOfProject Value="True"/>
        <ComponentName Value="frmUserInfo"/>
        <HasResources Value="True"/>
        <ResourceBaseClass Value="Form"/>
        <UnitName Value="frmuUser"/>
      </Unit33>
      <Unit34>
        <Filename Value="frmuWindowList.pas"/>
        <IsPartOfProject Value="True"/>
        <ComponentName Value="dlgWindowList"/>
        <HasResources Value="True"/>
        <ResourceBaseClass Value="Form"/>
        <UnitName Value="frmuWindowList"/>
      </Unit34>
      <Unit35>
        <Filename Value="IBExtract.pas"/>
        <IsPartOfProject Value="True"/>
      </Unit35>
      <Unit36>
        <Filename Value="MemoLists.pas"/>
        <IsPartOfProject Value="True"/>
      </Unit36>
      <Unit37>
        <Filename Value="wisql.pas"/>
        <IsPartOfProject Value="True"/>
        <ComponentName Value="dlgWisql"/>
        <HasResources Value="True"/>
        <ResourceBaseClass Value="Form"/>
      </Unit37>
      <Unit38>
        <Filename Value="zluCommDiag.pas"/>
        <IsPartOfProject Value="True"/>
        <UnitName Value="zluCommDiag"/>
      </Unit38>
      <Unit39>
        <Filename Value="zluContextHelp.pas"/>
        <IsPartOfProject Value="True"/>
        <UnitName Value="zluContextHelp"/>
      </Unit39>
      <Unit40>
        <Filename Value="zluGlobal.pas"/>
        <IsPartOfProject Value="True"/>
        <UnitName Value="zluGlobal"/>
      </Unit40>
      <Unit41>
        <Filename Value="zluibcClasses.pas"/>
        <IsPartOfProject Value="True"/>
        <UnitName Value="zluibcClasses"/>
      </Unit41>
      <Unit42>
        <Filename Value="zluPersistent.pas"/>
        <IsPartOfProject Value="True"/>
        <UnitName Value="zluPersistent"/>
      </Unit42>
      <Unit43>
        <Filename Value="zluSQL.pas"/>
        <IsPartOfProject Value="True"/>
        <UnitName Value="zluSQL"/>
      </Unit43>
      <Unit44>
        <Filename Value="zluUtility.pas"/>
        <IsPartOfProject Value="True"/>
        <UnitName Value="zluUtility"/>
      </Unit44>
    </Units>
  </ProjectOptions>
  <CompilerOptions>
    <Version Value="11"/>
    <PathDelim Value="\"/>
    <Target>
      <Filename Value="Firebird_Management_Studio"/>
    </Target>
    <SearchPaths>
      <IncludeFiles Value="$(ProjOutDir)"/>
      <UnitOutputDirectory Value="lib\$(TargetCPU)-$(TargetOS)"/>
    </SearchPaths>
    <Parsing>
      <SyntaxOptions>
        <IncludeAssertionCode Value="True"/>
      </SyntaxOptions>
    </Parsing>
    <CodeGeneration>
      <Checks>
        <IOChecks Value="True"/>
        <OverflowChecks Value="True"/>
        <StackChecks Value="True"/>
      </Checks>
    </CodeGeneration>
    <Linking>
      <Debugging>
        <UseValgrind Value="True"/>
        <StripSymbols Value="True"/>
        <UseExternalDbgSyms Value="True"/>
      </Debugging>
      <Options>
        <Win32>
          <GraphicApplication Value="True"/>
        </Win32>
      </Options>
    </Linking>
  </CompilerOptions>
  <Debugging>
    <Exceptions Count="3">
      <Item1>
        <Name Value="EAbort"/>
      </Item1>
      <Item2>
        <Name Value="ECodetoolError"/>
      </Item2>
      <Item3>
        <Name Value="EFOpenError"/>
      </Item3>
    </Exceptions>
  </Debugging>
</CONFIG>
